# THIS IS AN AUTOGENERATED FILE. DO NOT EDIT THIS FILE DIRECTLY.
# yarn lockfile v1


"@types/node@^14.0.23":
  version "14.0.23"
  resolved "https://registry.npm.taobao.org/@types/node/download/@types/node-14.0.23.tgz?cache=0&sync_timestamp=1594655965952&other_urls=https%3A%2F%2Fregistry.npm.taobao.org%2F%40types%2Fnode%2Fdownload%2F%40types%2Fnode-14.0.23.tgz#676fa0883450ed9da0bb24156213636290892806"
  integrity sha1-Z2+giDRQ7Z2guyQVYhNjYpCJKAY=
